<?xml version="1.0" encoding="UTF-8"?>
<!DOCTYPE plist PUBLIC "-//Apple//DTD PLIST 1.0//EN" "http://www.apple.com/DTDs/PropertyList-1.0.dtd">
<plist version="1.0">
  <dict>
    <key>objects</key>
    <dict>
      <key>1A557BE618E0559C0090436F</key>
      <dict>
        <key>isa</key>
        <string>PBXProject</string>
        <key>attributes</key>
        <dict>
          <key>LastUpgradeCheck</key>
          <string>0510</string>
          <key>ORGANIZATIONNAME</key>
          <string>Andrey Durbalo</string>
        </dict>
        <key>compatibilityVersion</key>
        <string>Xcode 3.2</string>
        <key>developmentRegion</key>
        <string>English</string>
        <key>hasScannedForEncodings</key>
        <string>0</string>
        <key>knownRegions</key>
        <array>
          <string>en</string>
        </array>
        <key>projectDirPath</key>
        <string></string>
        <key>projectRoot</key>
        <string></string>
        <key>buildConfigurationList</key>
        <string>1A557BE918E0559C0090436F</string>
        <key>mainGroup</key>
        <string>1A557BE518E0559C0090436F</string>
        <key>productRefGroup</key>
        <string>1A557BEF18E0559C0090436F</string>
        <key>targets</key>
        <array>
          <string>1A557BED18E0559C0090436F</string>
        </array>
        <key>projectReferences</key>
        <array/>
      </dict>
      <key>1A557BFA18E0559C0090436F</key>
      <dict>
        <key>isa</key>
        <string>XCBuildConfiguration</string>
        <key>name</key>
        <string>Debug</string>
        <key>buildSettings</key>
        <dict>
          <key>ALWAYS_SEARCH_USER_PATHS</key>
          <string>NO</string>
          <key>CLANG_CXX_LANGUAGE_STANDARD</key>
          <string>gnu++0x</string>
          <key>CLANG_CXX_LIBRARY</key>
          <string>libc++</string>
          <key>CLANG_ENABLE_MODULES</key>
          <string>YES</string>
          <key>CLANG_ENABLE_OBJC_ARC</key>
          <string>YES</string>
          <key>CLANG_WARN_BOOL_CONVERSION</key>
          <string>YES</string>
          <key>CLANG_WARN_CONSTANT_CONVERSION</key>
          <string>YES</string>
          <key>CLANG_WARN_DIRECT_OBJC_ISA_USAGE</key>
          <string>YES_ERROR</string>
          <key>CLANG_WARN_EMPTY_BODY</key>
          <string>YES</string>
          <key>CLANG_WARN_ENUM_CONVERSION</key>
          <string>YES</string>
          <key>CLANG_WARN_INT_CONVERSION</key>
          <string>YES</string>
          <key>CLANG_WARN_OBJC_ROOT_CLASS</key>
          <string>YES_ERROR</string>
          <key>CLANG_WARN__DUPLICATE_METHOD_MATCH</key>
          <string>YES</string>
          <key>COPY_PHASE_STRIP</key>
          <string>NO</string>
          <key>GCC_C_LANGUAGE_STANDARD</key>
          <string>gnu99</string>
          <key>GCC_DYNAMIC_NO_PIC</key>
          <string>NO</string>
          <key>GCC_ENABLE_OBJC_EXCEPTIONS</key>
          <string>YES</string>
          <key>GCC_OPTIMIZATION_LEVEL</key>
          <string>0</string>
          <key>GCC_PREPROCESSOR_DEFINITIONS</key>
          <array>
            <string>DEBUG=1</string>
            <string>$(inherited)</string>
          </array>
          <key>GCC_SYMBOLS_PRIVATE_EXTERN</key>
          <string>NO</string>
          <key>GCC_WARN_64_TO_32_BIT_CONVERSION</key>
          <string>YES</string>
          <key>GCC_WARN_ABOUT_RETURN_TYPE</key>
          <string>YES_ERROR</string>
          <key>GCC_WARN_UNDECLARED_SELECTOR</key>
          <string>YES</string>
          <key>GCC_WARN_UNINITIALIZED_AUTOS</key>
          <string>YES_AGGRESSIVE</string>
          <key>GCC_WARN_UNUSED_FUNCTION</key>
          <string>YES</string>
          <key>GCC_WARN_UNUSED_VARIABLE</key>
          <string>YES</string>
          <key>MACOSX_DEPLOYMENT_TARGET</key>
          <string>10.9</string>
          <key>ONLY_ACTIVE_ARCH</key>
          <string>YES</string>
          <key>SDKROOT</key>
          <string>macosx</string>
        </dict>
      </dict>
      <key>1A557BFB18E0559C0090436F</key>
      <dict>
        <key>isa</key>
        <string>XCBuildConfiguration</string>
        <key>name</key>
        <string>Release</string>
        <key>buildSettings</key>
        <dict>
          <key>ALWAYS_SEARCH_USER_PATHS</key>
          <string>NO</string>
          <key>CLANG_CXX_LANGUAGE_STANDARD</key>
          <string>gnu++0x</string>
          <key>CLANG_CXX_LIBRARY</key>
          <string>libc++</string>
          <key>CLANG_ENABLE_MODULES</key>
          <string>YES</string>
          <key>CLANG_ENABLE_OBJC_ARC</key>
          <string>YES</string>
          <key>CLANG_WARN_BOOL_CONVERSION</key>
          <string>YES</string>
          <key>CLANG_WARN_CONSTANT_CONVERSION</key>
          <string>YES</string>
          <key>CLANG_WARN_DIRECT_OBJC_ISA_USAGE</key>
          <string>YES_ERROR</string>
          <key>CLANG_WARN_EMPTY_BODY</key>
          <string>YES</string>
          <key>CLANG_WARN_ENUM_CONVERSION</key>
          <string>YES</string>
          <key>CLANG_WARN_INT_CONVERSION</key>
          <string>YES</string>
          <key>CLANG_WARN_OBJC_ROOT_CLASS</key>
          <string>YES_ERROR</string>
          <key>CLANG_WARN__DUPLICATE_METHOD_MATCH</key>
          <string>YES</string>
          <key>COPY_PHASE_STRIP</key>
          <string>YES</string>
          <key>DEBUG_INFORMATION_FORMAT</key>
          <string>dwarf-with-dsym</string>
          <key>ENABLE_NS_ASSERTIONS</key>
          <string>NO</string>
          <key>GCC_C_LANGUAGE_STANDARD</key>
          <string>gnu99</string>
          <key>GCC_ENABLE_OBJC_EXCEPTIONS</key>
          <string>YES</string>
          <key>GCC_WARN_64_TO_32_BIT_CONVERSION</key>
          <string>YES</string>
          <key>GCC_WARN_ABOUT_RETURN_TYPE</key>
          <string>YES_ERROR</string>
          <key>GCC_WARN_UNDECLARED_SELECTOR</key>
          <string>YES</string>
          <key>GCC_WARN_UNINITIALIZED_AUTOS</key>
          <string>YES_AGGRESSIVE</string>
          <key>GCC_WARN_UNUSED_FUNCTION</key>
          <string>YES</string>
          <key>GCC_WARN_UNUSED_VARIABLE</key>
          <string>YES</string>
          <key>MACOSX_DEPLOYMENT_TARGET</key>
          <string>10.9</string>
          <key>SDKROOT</key>
          <string>macosx</string>
        </dict>
      </dict>
      <key>1A557BE918E0559C0090436F</key>
      <dict>
        <key>isa</key>
        <string>XCConfigurationList</string>
        <key>defaultConfigurationIsVisible</key>
        <string>0</string>
        <key>defaultConfigurationName</key>
        <string>Release</string>
        <key>buildConfigurations</key>
        <array>
          <string>1A557BFA18E0559C0090436F</string>
          <string>1A557BFB18E0559C0090436F</string>
        </array>
      </dict>
      <key>1A557C0218E058D80090436F</key>
      <dict>
        <key>isa</key>
        <string>PBXFileReference</string>
        <key>path</key>
        <string>CWLSynthesizeSingleton.h</string>
        <key>sourceTree</key>
        <string>&lt;group&gt;</string>
        <key>lastKnownFileType</key>
        <string>sourcecode.c.h</string>
        <key>fileEncoding</key>
        <string>4</string>
      </dict>
      <key>1A557BFF18E058C60090436F</key>
      <dict>
        <key>isa</key>
        <string>PBXFileReference</string>
        <key>path</key>
        <string>SettingsManager.h</string>
        <key>sourceTree</key>
        <string>&lt;group&gt;</string>
        <key>lastKnownFileType</key>
        <string>sourcecode.c.h</string>
        <key>fileEncoding</key>
        <string>4</string>
      </dict>
      <key>1A557C0018E058C60090436F</key>
      <dict>
        <key>isa</key>
        <string>PBXFileReference</string>
        <key>path</key>
        <string>SettingsManager.m</string>
        <key>sourceTree</key>
        <string>&lt;group&gt;</string>
        <key>lastKnownFileType</key>
        <string>sourcecode.c.objc</string>
        <key>fileEncoding</key>
        <string>4</string>
      </dict>
      <key>1A557C0318E05B330090436F</key>
      <dict>
        <key>isa</key>
        <string>PBXFileReference</string>
        <key>path</key>
        <string>ImageProcessingManager.h</string>
        <key>sourceTree</key>
        <string>&lt;group&gt;</string>
        <key>lastKnownFileType</key>
        <string>sourcecode.c.h</string>
        <key>fileEncoding</key>
        <string>4</string>
      </dict>
      <key>1A557C0418E05B330090436F</key>
      <dict>
        <key>isa</key>
        <string>PBXFileReference</string>
        <key>path</key>
        <string>ImageProcessingManager.m</string>
        <key>sourceTree</key>
        <string>&lt;group&gt;</string>
        <key>lastKnownFileType</key>
        <string>sourcecode.c.objc</string>
        <key>fileEncoding</key>
        <string>4</string>
      </dict>
      <key>1A557BF418E0559C0090436F</key>
      <dict>
        <key>isa</key>
        <string>PBXFileReference</string>
        <key>path</key>
        <string>main.m</string>
        <key>sourceTree</key>
        <string>&lt;group&gt;</string>
        <key>lastKnownFileType</key>
        <string>sourcecode.c.objc</string>
      </dict>
      <key>1A557BF818E0559C0090436F</key>
      <dict>
        <key>isa</key>
        <string>PBXFileReference</string>
        <key>path</key>
        <string>BuildInfoOverlay.1</string>
        <key>sourceTree</key>
        <string>&lt;group&gt;</string>
        <key>lastKnownFileType</key>
        <string>text.man</string>
      </dict>
      <key>1A557BF718E0559C0090436F</key>
      <dict>
        <key>isa</key>
        <string>PBXFileReference</string>
        <key>path</key>
        <string>BuildInfoOverlay-Prefix.pch</string>
        <key>sourceTree</key>
        <string>&lt;group&gt;</string>
        <key>lastKnownFileType</key>
        <string>sourcecode.c.h</string>
      </dict>
      <key>1A557BF618E0559C0090436F</key>
      <dict>
        <key>isa</key>
        <string>PBXGroup</string>
        <key>sourceTree</key>
        <string>&lt;group&gt;</string>
        <key>name</key>
        <string>Supporting Files</string>
        <key>children</key>
        <array>
          <string>1A557BF718E0559C0090436F</string>
        </array>
      </dict>
      <key>1A557BF318E0559C0090436F</key>
      <dict>
        <key>isa</key>
        <string>PBXGroup</string>
        <key>sourceTree</key>
        <string>&lt;group&gt;</string>
        <key>path</key>
        <string>BuildInfoOverlay</string>
        <key>children</key>
        <array>
          <string>1A557C0218E058D80090436F</string>
          <string>1A557BFF18E058C60090436F</string>
          <string>1A557C0018E058C60090436F</string>
          <string>1A557C0318E05B330090436F</string>
          <string>1A557C0418E05B330090436F</string>
          <string>1A557BF418E0559C0090436F</string>
          <string>1A557BF818E0559C0090436F</string>
          <string>1A557BF618E0559C0090436F</string>
        </array>
      </dict>
      <key>1A557C0818E060640090436F</key>
      <dict>
        <key>isa</key>
        <string>PBXFileReference</string>
        <key>name</key>
        <string>AppKit.framework</string>
        <key>path</key>
        <string>System/Library/Frameworks/AppKit.framework</string>
        <key>sourceTree</key>
        <string>SDKROOT</string>
        <key>lastKnownFileType</key>
        <string>wrapper.framework</string>
      </dict>
      <key>1A557C0618E05F330090436F</key>
      <dict>
        <key>isa</key>
        <string>PBXFileReference</string>
        <key>name</key>
        <string>CoreFoundation.framework</string>
        <key>path</key>
        <string>System/Library/Frameworks/CoreFoundation.framework</string>
        <key>sourceTree</key>
        <string>SDKROOT</string>
        <key>lastKnownFileType</key>
        <string>wrapper.framework</string>
      </dict>
      <key>1A557BF118E0559C0090436F</key>
      <dict>
        <key>isa</key>
        <string>PBXFileReference</string>
        <key>name</key>
        <string>Foundation.framework</string>
        <key>path</key>
        <string>System/Library/Frameworks/Foundation.framework</string>
        <key>sourceTree</key>
        <string>SDKROOT</string>
        <key>lastKnownFileType</key>
        <string>wrapper.framework</string>
      </dict>
      <key>1A557BF018E0559C0090436F</key>
      <dict>
        <key>isa</key>
        <string>PBXGroup</string>
        <key>sourceTree</key>
        <string>&lt;group&gt;</string>
        <key>name</key>
        <string>Frameworks</string>
        <key>children</key>
        <array>
          <string>1A557C0818E060640090436F</string>
          <string>1A557C0618E05F330090436F</string>
          <string>1A557BF118E0559C0090436F</string>
        </array>
      </dict>
      <key>1A557BEE18E0559C0090436F</key>
      <dict>
        <key>isa</key>
        <string>PBXFileReference</string>
        <key>path</key>
        <string>BuildInfoOverlay</string>
        <key>sourceTree</key>
        <string>BUILT_PRODUCTS_DIR</string>
        <key>explicitFileType</key>
        <string>compiled.mach-o.executable</string>
        <key>includeInIndex</key>
        <string>0</string>
      </dict>
      <key>1A557BEF18E0559C0090436F</key>
      <dict>
        <key>isa</key>
        <string>PBXGroup</string>
        <key>sourceTree</key>
        <string>&lt;group&gt;</string>
        <key>name</key>
        <string>Products</string>
        <key>children</key>
        <array>
          <string>1A557BEE18E0559C0090436F</string>
        </array>
      </dict>
      <key>1A557BE518E0559C0090436F</key>
      <dict>
        <key>isa</key>
        <string>PBXGroup</string>
        <key>sourceTree</key>
        <string>&lt;group&gt;</string>
        <key>children</key>
        <array>
          <string>1A557BF318E0559C0090436F</string>
          <string>1A557BF018E0559C0090436F</string>
          <string>1A557BEF18E0559C0090436F</string>
        </array>
      </dict>
      <key>1A557BFD18E0559C0090436F</key>
      <dict>
        <key>isa</key>
        <string>XCBuildConfiguration</string>
        <key>name</key>
        <string>Debug</string>
        <key>buildSettings</key>
        <dict>
          <key>GCC_PRECOMPILE_PREFIX_HEADER</key>
          <string>YES</string>
          <key>GCC_PREFIX_HEADER</key>
          <string>BuildInfoOverlay/BuildInfoOverlay-Prefix.pch</string>
          <key>PRODUCT_NAME</key>
          <string>$(TARGET_NAME)</string>
        </dict>
      </dict>
      <key>1A557BFE18E0559C0090436F</key>
      <dict>
        <key>isa</key>
        <string>XCBuildConfiguration</string>
        <key>name</key>
        <string>Release</string>
        <key>buildSettings</key>
        <dict>
          <key>GCC_PRECOMPILE_PREFIX_HEADER</key>
          <string>YES</string>
          <key>GCC_PREFIX_HEADER</key>
          <string>BuildInfoOverlay/BuildInfoOverlay-Prefix.pch</string>
          <key>PRODUCT_NAME</key>
          <string>$(TARGET_NAME)</string>
        </dict>
      </dict>
      <key>1A557BFC18E0559C0090436F</key>
      <dict>
        <key>isa</key>
        <string>XCConfigurationList</string>
        <key>defaultConfigurationIsVisible</key>
        <string>0</string>
        <key>defaultConfigurationName</key>
        <string>Release</string>
        <key>buildConfigurations</key>
        <array>
          <string>1A557BFD18E0559C0090436F</string>
          <string>1A557BFE18E0559C0090436F</string>
        </array>
      </dict>
      <key>1A557C0118E058C60090436F</key>
      <dict>
        <key>isa</key>
        <string>PBXBuildFile</string>
        <key>fileRef</key>
        <string>1A557C0018E058C60090436F</string>
      </dict>
      <key>1A557C0518E05B330090436F</key>
      <dict>
        <key>isa</key>
        <string>PBXBuildFile</string>
        <key>fileRef</key>
        <string>1A557C0418E05B330090436F</string>
      </dict>
      <key>1A557BF518E0559C0090436F</key>
      <dict>
        <key>isa</key>
        <string>PBXBuildFile</string>
        <key>fileRef</key>
        <string>1A557BF418E0559C0090436F</string>
      </dict>
      <key>1A557BEA18E0559C0090436F</key>
      <dict>
        <key>isa</key>
        <string>PBXSourcesBuildPhase</string>
        <key>buildActionMask</key>
        <string>2147483647</string>
        <key>runOnlyForDeploymentPostprocessing</key>
        <string>0</string>
        <key>files</key>
        <array>
          <string>1A557C0118E058C60090436F</string>
          <string>1A557C0518E05B330090436F</string>
          <string>1A557BF518E0559C0090436F</string>
        </array>
      </dict>
      <key>1A557C0918E060640090436F</key>
      <dict>
        <key>isa</key>
        <string>PBXBuildFile</string>
        <key>fileRef</key>
        <string>1A557C0818E060640090436F</string>
      </dict>
      <key>1A557BF218E0559C0090436F</key>
      <dict>
        <key>isa</key>
        <string>PBXBuildFile</string>
        <key>fileRef</key>
        <string>1A557BF118E0559C0090436F</string>
      </dict>
      <key>1A557BEB18E0559C0090436F</key>
      <dict>
        <key>isa</key>
        <string>PBXFrameworksBuildPhase</string>
        <key>buildActionMask</key>
        <string>2147483647</string>
        <key>runOnlyForDeploymentPostprocessing</key>
        <string>0</string>
        <key>files</key>
        <array>
          <string>1A557C0918E060640090436F</string>
          <string>1A557BF218E0559C0090436F</string>
        </array>
      </dict>
      <key>1A557BF918E0559C0090436F</key>
      <dict>
        <key>isa</key>
        <string>PBXBuildFile</string>
        <key>fileRef</key>
        <string>1A557BF818E0559C0090436F</string>
      </dict>
      <key>1A557BEC18E0559C0090436F</key>
      <dict>
        <key>isa</key>
        <string>PBXCopyFilesBuildPhase</string>
        <key>dstPath</key>
        <string>/usr/share/man/man1/</string>
        <key>dstSubfolderSpec</key>
        <string>0</string>
        <key>buildActionMask</key>
        <string>2147483647</string>
        <key>runOnlyForDeploymentPostprocessing</key>
        <string>1</string>
        <key>files</key>
        <array>
          <string>1A557BF918E0559C0090436F</string>
        </array>
      </dict>
      <key>1A557BED18E0559C0090436F</key>
      <dict>
        <key>isa</key>
        <string>PBXNativeTarget</string>
        <key>productType</key>
        <string>com.apple.product-type.tool</string>
        <key>name</key>
        <string>BuildInfoOverlay</string>
        <key>productName</key>
        <string>BuildInfoOverlay</string>
        <key>productReference</key>
        <string>1A557BEE18E0559C0090436F</string>
        <key>buildConfigurationList</key>
        <string>1A557BFC18E0559C0090436F</string>
        <key>buildRules</key>
        <array/>
        <key>buildPhases</key>
        <array>
          <string>1A557BEA18E0559C0090436F</string>
          <string>1A557BEB18E0559C0090436F</string>
          <string>1A557BEC18E0559C0090436F</string>
          <string>BA200CE2F003378AC6B9620E</string>
        </array>
        <key>dependencies</key>
        <array/>
      </dict>
      <key>BA200CE2F003378AC6B9620E</key>
      <dict>
        <key>isa</key>
        <string>PBXShellScriptBuildPhase</string>
        <key>name</key>
        <string>Find unused imports</string>
        <key>inputPaths</key>
        <array/>
        <key>outputPaths</key>
        <array/>
        <key>shellPath</key>
        <string>/bin/sh</string>
        <key>shellScript</key>
        <string>/bin/sh "/Users/adurbalo/Library/Application Support/Developer/Shared/Xcode/Plug-ins/xcfui.xcplugin/Contents/Resources/fui_script.sh" "/Users/adurbalo/Development/BuildInfoOverlayGit"</string>
        <key>showEnvVarsInLog</key>
        <string>1</string>
        <key>buildActionMask</key>
        <string>2147483647</string>
        <key>runOnlyForDeploymentPostprocessing</key>
        <string>0</string>
        <key>files</key>
        <array/>
      </dict>
    </dict>
    <key>archiveVersion</key>
    <string>1</string>
    <key>objectVersion</key>
    <string>46</string>
    <key>classes</key>
    <dict/>
    <key>rootObject</key>
    <string>1A557BE618E0559C0090436F</string>
  </dict>
</plist>
